# This file is automatically @generated by Cargo.
# It is not intended for manual editing.
version = 4

[[package]]
name = "soundlog"
version = "0.15.0"
source = "registry+https://github.com/rust-lang/crates.io-index"
checksum = "c58288925c5be96f6adac2d7bacb5448cc0ccbdcdf9431247f78d2b1938bb227"

[[package]]
name = "typed-structure-probe"
version = "0.1.0"
dependencies = [
 "soundlog",
]
